
Microsoft Visual Studio Solution File, Format Version 12.00
# Visual Studio Version 16
VisualStudioVersion = 16.0.30621.155
MinimumVisualStudioVersion = 10.0.40219.1
Project("{888888A0-9F3D-457C-B088-3A5042F75D52}") = "Money", "Money\Money.pyproj", "{F6C96D39-5848-447B-9B60-67DF5FE2AD7F}"
EndProject
Global
	GlobalSection(SolutionConfigurationPlatforms) = preSolution
		Debug|Any CPU = Debug|Any CPU
		Release|Any CPU = Release|Any CPU
	EndGlobalSection
	GlobalSection(ProjectConfigurationPlatforms) = postSolution
		{F6C96D39-5848-447B-9B60-67DF5FE2AD7F}.Debug|Any CPU.ActiveCfg = Debug|Any CPU
		{F6C96D39-5848-447B-9B60-67DF5FE2AD7F}.Release|Any CPU.ActiveCfg = Release|Any CPU
	EndGlobalSection
	GlobalSection(SolutionProperties) = preSolution
		HideSolutionNode = FALSE
	EndGlobalSection
	GlobalSection(ExtensibilityGlobals) = postSolution
		SolutionGuid = {475B9FCC-2CB7-44F6-B36F-16E2A440BB7C}
	EndGlobalSection
EndGlobal
